
Microsoft Visual Studio Solution File, Format Version 12.00
# Visual Studio Version 16
VisualStudioVersion = 16.0.29709.97
MinimumVisualStudioVersion = 10.0.40219.1
Project("{9A19103F-16F7-4668-BE54-9A1E7A4F7556}") = "vkontakte.friend.list.export", "vkontakte.friend.list.export\vkontakte.friend.list.export.csproj", "{D0DF985F-4DEE-4F6F-92E5-ADEBE205A2F2}"
EndProject
Project("{9A19103F-16F7-4668-BE54-9A1E7A4F7556}") = "vkontakte.lib", "vkontakte.lib\vkontakte.lib.csproj", "{2172EF1A-3B05-4FE4-BB56-CC32D73930A1}"
EndProject
Project("{9A19103F-16F7-4668-BE54-9A1E7A4F7556}") = "Shared.Utils.Lib", "Shared.Utils.Lib\Shared.Utils.Lib.csproj", "{9F86F569-2530-4F33-B9EC-2A30092EA569}"
EndProject
Project("{2150E333-8FDC-42A3-9474-1A3956D46DE8}") = "Solution Items", "Solution Items", "{1844D2A9-313E-4A73-BF9B-1CC803F47DE9}"
	ProjectSection(SolutionItems) = preProject
		README.md = README.md
	EndProjectSection
EndProject
Global
	GlobalSection(SolutionConfigurationPlatforms) = preSolution
		Debug|Any CPU = Debug|Any CPU
		Release|Any CPU = Release|Any CPU
	EndGlobalSection
	GlobalSection(ProjectConfigurationPlatforms) = postSolution
		{D0DF985F-4DEE-4F6F-92E5-ADEBE205A2F2}.Debug|Any CPU.ActiveCfg = Debug|Any CPU
		{D0DF985F-4DEE-4F6F-92E5-ADEBE205A2F2}.Debug|Any CPU.Build.0 = Debug|Any CPU
		{D0DF985F-4DEE-4F6F-92E5-ADEBE205A2F2}.Release|Any CPU.ActiveCfg = Release|Any CPU
		{D0DF985F-4DEE-4F6F-92E5-ADEBE205A2F2}.Release|Any CPU.Build.0 = Release|Any CPU
		{2172EF1A-3B05-4FE4-BB56-CC32D73930A1}.Debug|Any CPU.ActiveCfg = Debug|Any CPU
		{2172EF1A-3B05-4FE4-BB56-CC32D73930A1}.Debug|Any CPU.Build.0 = Debug|Any CPU
		{2172EF1A-3B05-4FE4-BB56-CC32D73930A1}.Release|Any CPU.ActiveCfg = Release|Any CPU
		{2172EF1A-3B05-4FE4-BB56-CC32D73930A1}.Release|Any CPU.Build.0 = Release|Any CPU
		{9F86F569-2530-4F33-B9EC-2A30092EA569}.Debug|Any CPU.ActiveCfg = Debug|Any CPU
		{9F86F569-2530-4F33-B9EC-2A30092EA569}.Debug|Any CPU.Build.0 = Debug|Any CPU
		{9F86F569-2530-4F33-B9EC-2A30092EA569}.Release|Any CPU.ActiveCfg = Release|Any CPU
		{9F86F569-2530-4F33-B9EC-2A30092EA569}.Release|Any CPU.Build.0 = Release|Any CPU
	EndGlobalSection
	GlobalSection(SolutionProperties) = preSolution
		HideSolutionNode = FALSE
	EndGlobalSection
	GlobalSection(ExtensibilityGlobals) = postSolution
		SolutionGuid = {42A4DA4D-AA4E-4AC4-82B1-A670D1AB6EE4}
	EndGlobalSection
EndGlobal
